
Microsoft Visual Studio Solution File, Format Version 12.00
# Visual Studio Version 16
VisualStudioVersion = 16.0.33130.400
MinimumVisualStudioVersion = 10.0.40219.1
Project("{888888A0-9F3D-457C-B088-3A5042F75D52}") = "laba6", "laba6\laba6.pyproj", "{933E7831-D438-4C81-98DE-7F09DAAF45DB}"
EndProject
Global
	GlobalSection(SolutionConfigurationPlatforms) = preSolution
		Debug|Any CPU = Debug|Any CPU
		Release|Any CPU = Release|Any CPU
	EndGlobalSection
	GlobalSection(ProjectConfigurationPlatforms) = postSolution
		{933E7831-D438-4C81-98DE-7F09DAAF45DB}.Debug|Any CPU.ActiveCfg = Debug|Any CPU
		{933E7831-D438-4C81-98DE-7F09DAAF45DB}.Release|Any CPU.ActiveCfg = Release|Any CPU
	EndGlobalSection
	GlobalSection(SolutionProperties) = preSolution
		HideSolutionNode = FALSE
	EndGlobalSection
	GlobalSection(ExtensibilityGlobals) = postSolution
		SolutionGuid = {0D835FD6-2621-4D37-B38E-82D808C4D1EE}
	EndGlobalSection
EndGlobal
